
Microsoft Visual Studio Solution File, Format Version 12.00
# Visual Studio Version 16
VisualStudioVersion = 16.0.28621.142
MinimumVisualStudioVersion = 10.0.40219.1
Project("{8BC9CEB8-8B4A-11D0-8D11-00A0C91BC942}") = "t1q1", "..\t1q1\t1q1.vcxproj", "{D04A3031-4595-4E58-82C3-660B25570108}"
EndProject
Project("{8BC9CEB8-8B4A-11D0-8D11-00A0C91BC942}") = "t1q2", "..\t1q2\t1q2.vcxproj", "{DA5F4933-0471-46E4-A48E-121CA360F423}"
EndProject
Project("{8BC9CEB8-8B4A-11D0-8D11-00A0C91BC942}") = "t1q3", "..\t1q3\t1q3.vcxproj", "{37C4FA2A-077A-4948-A253-E5C4B56BE5F2}"
EndProject
Project("{8BC9CEB8-8B4A-11D0-8D11-00A0C91BC942}") = "t2q1", "..\t2q1\t2q1.vcxproj", "{86345055-3B53-4A2A-84F6-FC0D236C1084}"
EndProject
Project("{8BC9CEB8-8B4A-11D0-8D11-00A0C91BC942}") = "t2q2", "..\t2q2\t2q2.vcxproj", "{34226FD4-804C-461C-8468-DFCC9CB52917}"
EndProject
Project("{8BC9CEB8-8B4A-11D0-8D11-00A0C91BC942}") = "t3q1", "..\t3q1\t3q1.vcxproj", "{2B656AB1-69A4-4EE8-8A1E-ACB0E491FD00}"
EndProject
Project("{8BC9CEB8-8B4A-11D0-8D11-00A0C91BC942}") = "t3q2", "..\t3q2\t3q2.vcxproj", "{4FABAAFA-F2E6-4DD7-990E-C8B01AA2BD65}"
EndProject
Project("{8BC9CEB8-8B4A-11D0-8D11-00A0C91BC942}") = "t3q3", "..\t3q3\t3q3.vcxproj", "{72E77945-B596-4E32-8C12-A3AAD8DC9513}"
EndProject
Project("{8BC9CEB8-8B4A-11D0-8D11-00A0C91BC942}") = "t3t4", "..\t3t4\t3t4.vcxproj", "{F2325194-2DA1-4C4B-A691-C078140E09FD}"
EndProject
Project("{8BC9CEB8-8B4A-11D0-8D11-00A0C91BC942}") = "t4q1", "..\t4q1\t4q1.vcxproj", "{D1FB4C24-A232-4804-890E-536E703CF4E2}"
EndProject
Project("{8BC9CEB8-8B4A-11D0-8D11-00A0C91BC942}") = "t5q1", "..\t5q1\t5q1.vcxproj", "{3EC8A984-964F-4984-ADBC-08527AE473D1}"
EndProject
Project("{8BC9CEB8-8B4A-11D0-8D11-00A0C91BC942}") = "t5q2", "..\t5q2\t5q2.vcxproj", "{2906884F-A66C-4F12-B9EF-69DAAF384FE5}"
EndProject
Project("{8BC9CEB8-8B4A-11D0-8D11-00A0C91BC942}") = "t6q1", "..\t6q1\t6q1.vcxproj", "{AC1D3EC5-7A15-496B-9ABA-6C85FC1DC5C0}"
EndProject
Project("{8BC9CEB8-8B4A-11D0-8D11-00A0C91BC942}") = "t7q1", "..\t7q1\t7q1.vcxproj", "{DF004798-EE73-4FDD-898D-87D6280714A0}"
EndProject
Project("{8BC9CEB8-8B4A-11D0-8D11-00A0C91BC942}") = "t6q2", "..\t6q2\t6q2.vcxproj", "{5EE0DF58-C90D-4B81-A0BD-C21FA616EF94}"
EndProject
Project("{8BC9CEB8-8B4A-11D0-8D11-00A0C91BC942}") = "t8q1", "..\t8q1\t8q1.vcxproj", "{91F47067-2BE1-4781-AB6E-74C3F2F8B798}"
EndProject
Project("{8BC9CEB8-8B4A-11D0-8D11-00A0C91BC942}") = "t8q2", "..\t8q2\t8q2.vcxproj", "{8F016230-C34B-425D-AE0D-CEAF683BA4F7}"
EndProject
Project("{8BC9CEB8-8B4A-11D0-8D11-00A0C91BC942}") = "t9q1", "..\t9q1\t9q1.vcxproj", "{60232DA4-BC7F-47D9-BD34-FF56C36BEE60}"
EndProject
Project("{8BC9CEB8-8B4A-11D0-8D11-00A0C91BC942}") = "t10q1", "..\t10q1\t10q1.vcxproj", "{4A1AB4E4-88F4-42E9-8405-B3896B170D01}"
EndProject
Project("{8BC9CEB8-8B4A-11D0-8D11-00A0C91BC942}") = "t11q1", "..\t11q1\t11q1.vcxproj", "{4B440F24-2068-45A6-B9C6-96FDEDD047EE}"
EndProject
Global
	GlobalSection(SolutionConfigurationPlatforms) = preSolution
		Debug|x64 = Debug|x64
		Debug|x86 = Debug|x86
		Release|x64 = Release|x64
		Release|x86 = Release|x86
	EndGlobalSection
	GlobalSection(ProjectConfigurationPlatforms) = postSolution
		{D04A3031-4595-4E58-82C3-660B25570108}.Debug|x64.ActiveCfg = Debug|x64
		{D04A3031-4595-4E58-82C3-660B25570108}.Debug|x64.Build.0 = Debug|x64
		{D04A3031-4595-4E58-82C3-660B25570108}.Debug|x86.ActiveCfg = Debug|Win32
		{D04A3031-4595-4E58-82C3-660B25570108}.Debug|x86.Build.0 = Debug|Win32
		{D04A3031-4595-4E58-82C3-660B25570108}.Release|x64.ActiveCfg = Release|x64
		{D04A3031-4595-4E58-82C3-660B25570108}.Release|x64.Build.0 = Release|x64
		{D04A3031-4595-4E58-82C3-660B25570108}.Release|x86.ActiveCfg = Release|Win32
		{D04A3031-4595-4E58-82C3-660B25570108}.Release|x86.Build.0 = Release|Win32
		{DA5F4933-0471-46E4-A48E-121CA360F423}.Debug|x64.ActiveCfg = Debug|x64
		{DA5F4933-0471-46E4-A48E-121CA360F423}.Debug|x64.Build.0 = Debug|x64
		{DA5F4933-0471-46E4-A48E-121CA360F423}.Debug|x86.ActiveCfg = Debug|Win32
		{DA5F4933-0471-46E4-A48E-121CA360F423}.Debug|x86.Build.0 = Debug|Win32
		{DA5F4933-0471-46E4-A48E-121CA360F423}.Release|x64.ActiveCfg = Release|x64
		{DA5F4933-0471-46E4-A48E-121CA360F423}.Release|x64.Build.0 = Release|x64
		{DA5F4933-0471-46E4-A48E-121CA360F423}.Release|x86.ActiveCfg = Release|Win32
		{DA5F4933-0471-46E4-A48E-121CA360F423}.Release|x86.Build.0 = Release|Win32
		{37C4FA2A-077A-4948-A253-E5C4B56BE5F2}.Debug|x64.ActiveCfg = Debug|x64
		{37C4FA2A-077A-4948-A253-E5C4B56BE5F2}.Debug|x64.Build.0 = Debug|x64
		{37C4FA2A-077A-4948-A253-E5C4B56BE5F2}.Debug|x86.ActiveCfg = Debug|Win32
		{37C4FA2A-077A-4948-A253-E5C4B56BE5F2}.Debug|x86.Build.0 = Debug|Win32
		{37C4FA2A-077A-4948-A253-E5C4B56BE5F2}.Release|x64.ActiveCfg = Release|x64
		{37C4FA2A-077A-4948-A253-E5C4B56BE5F2}.Release|x64.Build.0 = Release|x64
		{37C4FA2A-077A-4948-A253-E5C4B56BE5F2}.Release|x86.ActiveCfg = Release|Win32
		{37C4FA2A-077A-4948-A253-E5C4B56BE5F2}.Release|x86.Build.0 = Release|Win32
		{86345055-3B53-4A2A-84F6-FC0D236C1084}.Debug|x64.ActiveCfg = Debug|x64
		{86345055-3B53-4A2A-84F6-FC0D236C1084}.Debug|x64.Build.0 = Debug|x64
		{86345055-3B53-4A2A-84F6-FC0D236C1084}.Debug|x86.ActiveCfg = Debug|Win32
		{86345055-3B53-4A2A-84F6-FC0D236C1084}.Debug|x86.Build.0 = Debug|Win32
		{86345055-3B53-4A2A-84F6-FC0D236C1084}.Release|x64.ActiveCfg = Release|x64
		{86345055-3B53-4A2A-84F6-FC0D236C1084}.Release|x64.Build.0 = Release|x64
		{86345055-3B53-4A2A-84F6-FC0D236C1084}.Release|x86.ActiveCfg = Release|Win32
		{86345055-3B53-4A2A-84F6-FC0D236C1084}.Release|x86.Build.0 = Release|Win32
		{34226FD4-804C-461C-8468-DFCC9CB52917}.Debug|x64.ActiveCfg = Debug|x64
		{34226FD4-804C-461C-8468-DFCC9CB52917}.Debug|x64.Build.0 = Debug|x64
		{34226FD4-804C-461C-8468-DFCC9CB52917}.Debug|x86.ActiveCfg = Debug|Win32
		{34226FD4-804C-461C-8468-DFCC9CB52917}.Debug|x86.Build.0 = Debug|Win32
		{34226FD4-804C-461C-8468-DFCC9CB52917}.Release|x64.ActiveCfg = Release|x64
		{34226FD4-804C-461C-8468-DFCC9CB52917}.Release|x64.Build.0 = Release|x64
		{34226FD4-804C-461C-8468-DFCC9CB52917}.Release|x86.ActiveCfg = Release|Win32
		{34226FD4-804C-461C-8468-DFCC9CB52917}.Release|x86.Build.0 = Release|Win32
		{2B656AB1-69A4-4EE8-8A1E-ACB0E491FD00}.Debug|x64.ActiveCfg = Debug|x64
		{2B656AB1-69A4-4EE8-8A1E-ACB0E491FD00}.Debug|x64.Build.0 = Debug|x64
		{2B656AB1-69A4-4EE8-8A1E-ACB0E491FD00}.Debug|x86.ActiveCfg = Debug|Win32
		{2B656AB1-69A4-4EE8-8A1E-ACB0E491FD00}.Debug|x86.Build.0 = Debug|Win32
		{2B656AB1-69A4-4EE8-8A1E-ACB0E491FD00}.Release|x64.ActiveCfg = Release|x64
		{2B656AB1-69A4-4EE8-8A1E-ACB0E491FD00}.Release|x64.Build.0 = Release|x64
		{2B656AB1-69A4-4EE8-8A1E-ACB0E491FD00}.Release|x86.ActiveCfg = Release|Win32
		{2B656AB1-69A4-4EE8-8A1E-ACB0E491FD00}.Release|x86.Build.0 = Release|Win32
		{4FABAAFA-F2E6-4DD7-990E-C8B01AA2BD65}.Debug|x64.ActiveCfg = Debug|x64
		{4FABAAFA-F2E6-4DD7-990E-C8B01AA2BD65}.Debug|x64.Build.0 = Debug|x64
		{4FABAAFA-F2E6-4DD7-990E-C8B01AA2BD65}.Debug|x86.ActiveCfg = Debug|Win32
		{4FABAAFA-F2E6-4DD7-990E-C8B01AA2BD65}.Debug|x86.Build.0 = Debug|Win32
		{4FABAAFA-F2E6-4DD7-990E-C8B01AA2BD65}.Release|x64.ActiveCfg = Release|x64
		{4FABAAFA-F2E6-4DD7-990E-C8B01AA2BD65}.Release|x64.Build.0 = Release|x64
		{4FABAAFA-F2E6-4DD7-990E-C8B01AA2BD65}.Release|x86.ActiveCfg = Release|Win32
		{4FABAAFA-F2E6-4DD7-990E-C8B01AA2BD65}.Release|x86.Build.0 = Release|Win32
		{72E77945-B596-4E32-8C12-A3AAD8DC9513}.Debug|x64.ActiveCfg = Debug|x64
		{72E77945-B596-4E32-8C12-A3AAD8DC9513}.Debug|x64.Build.0 = Debug|x64
		{72E77945-B596-4E32-8C12-A3AAD8DC9513}.Debug|x86.ActiveCfg = Debug|Win32
		{72E77945-B596-4E32-8C12-A3AAD8DC9513}.Debug|x86.Build.0 = Debug|Win32
		{72E77945-B596-4E32-8C12-A3AAD8DC9513}.Release|x64.ActiveCfg = Release|x64
		{72E77945-B596-4E32-8C12-A3AAD8DC9513}.Release|x64.Build.0 = Release|x64
		{72E77945-B596-4E32-8C12-A3AAD8DC9513}.Release|x86.ActiveCfg = Release|Win32
		{72E77945-B596-4E32-8C12-A3AAD8DC9513}.Release|x86.Build.0 = Release|Win32
		{F2325194-2DA1-4C4B-A691-C078140E09FD}.Debug|x64.ActiveCfg = Debug|x64
		{F2325194-2DA1-4C4B-A691-C078140E09FD}.Debug|x64.Build.0 = Debug|x64
		{F2325194-2DA1-4C4B-A691-C078140E09FD}.Debug|x86.ActiveCfg = Debug|Win32
		{F2325194-2DA1-4C4B-A691-C078140E09FD}.Debug|x86.Build.0 = Debug|Win32
		{F2325194-2DA1-4C4B-A691-C078140E09FD}.Release|x64.ActiveCfg = Release|x64
		{F2325194-2DA1-4C4B-A691-C078140E09FD}.Release|x64.Build.0 = Release|x64
		{F2325194-2DA1-4C4B-A691-C078140E09FD}.Release|x86.ActiveCfg = Release|Win32
		{F2325194-2DA1-4C4B-A691-C078140E09FD}.Release|x86.Build.0 = Release|Win32
		{D1FB4C24-A232-4804-890E-536E703CF4E2}.Debug|x64.ActiveCfg = Debug|x64
		{D1FB4C24-A232-4804-890E-536E703CF4E2}.Debug|x64.Build.0 = Debug|x64
		{D1FB4C24-A232-4804-890E-536E703CF4E2}.Debug|x86.ActiveCfg = Debug|Win32
		{D1FB4C24-A232-4804-890E-536E703CF4E2}.Debug|x86.Build.0 = Debug|Win32
		{D1FB4C24-A232-4804-890E-536E703CF4E2}.Release|x64.ActiveCfg = Release|x64
		{D1FB4C24-A232-4804-890E-536E703CF4E2}.Release|x64.Build.0 = Release|x64
		{D1FB4C24-A232-4804-890E-536E703CF4E2}.Release|x86.ActiveCfg = Release|Win32
		{D1FB4C24-A232-4804-890E-536E703CF4E2}.Release|x86.Build.0 = Release|Win32
		{3EC8A984-964F-4984-ADBC-08527AE473D1}.Debug|x64.ActiveCfg = Debug|x64
		{3EC8A984-964F-4984-ADBC-08527AE473D1}.Debug|x64.Build.0 = Debug|x64
		{3EC8A984-964F-4984-ADBC-08527AE473D1}.Debug|x86.ActiveCfg = Debug|Win32
		{3EC8A984-964F-4984-ADBC-08527AE473D1}.Debug|x86.Build.0 = Debug|Win32
		{3EC8A984-964F-4984-ADBC-08527AE473D1}.Release|x64.ActiveCfg = Release|x64
		{3EC8A984-964F-4984-ADBC-08527AE473D1}.Release|x64.Build.0 = Release|x64
		{3EC8A984-964F-4984-ADBC-08527AE473D1}.Release|x86.ActiveCfg = Release|Win32
		{3EC8A984-964F-4984-ADBC-08527AE473D1}.Release|x86.Build.0 = Release|Win32
		{2906884F-A66C-4F12-B9EF-69DAAF384FE5}.Debug|x64.ActiveCfg = Debug|x64
		{2906884F-A66C-4F12-B9EF-69DAAF384FE5}.Debug|x64.Build.0 = Debug|x64
		{2906884F-A66C-4F12-B9EF-69DAAF384FE5}.Debug|x86.ActiveCfg = Debug|Win32
		{2906884F-A66C-4F12-B9EF-69DAAF384FE5}.Debug|x86.Build.0 = Debug|Win32
		{2906884F-A66C-4F12-B9EF-69DAAF384FE5}.Release|x64.ActiveCfg = Release|x64
		{2906884F-A66C-4F12-B9EF-69DAAF384FE5}.Release|x64.Build.0 = Release|x64
		{2906884F-A66C-4F12-B9EF-69DAAF384FE5}.Release|x86.ActiveCfg = Release|Win32
		{2906884F-A66C-4F12-B9EF-69DAAF384FE5}.Release|x86.Build.0 = Release|Win32
		{AC1D3EC5-7A15-496B-9ABA-6C85FC1DC5C0}.Debug|x64.ActiveCfg = Debug|x64
		{AC1D3EC5-7A15-496B-9ABA-6C85FC1DC5C0}.Debug|x64.Build.0 = Debug|x64
		{AC1D3EC5-7A15-496B-9ABA-6C85FC1DC5C0}.Debug|x86.ActiveCfg = Debug|Win32
		{AC1D3EC5-7A15-496B-9ABA-6C85FC1DC5C0}.Debug|x86.Build.0 = Debug|Win32
		{AC1D3EC5-7A15-496B-9ABA-6C85FC1DC5C0}.Release|x64.ActiveCfg = Release|x64
		{AC1D3EC5-7A15-496B-9ABA-6C85FC1DC5C0}.Release|x64.Build.0 = Release|x64
		{AC1D3EC5-7A15-496B-9ABA-6C85FC1DC5C0}.Release|x86.ActiveCfg = Release|Win32
		{AC1D3EC5-7A15-496B-9ABA-6C85FC1DC5C0}.Release|x86.Build.0 = Release|Win32
		{DF004798-EE73-4FDD-898D-87D6280714A0}.Debug|x64.ActiveCfg = Debug|x64
		{DF004798-EE73-4FDD-898D-87D6280714A0}.Debug|x64.Build.0 = Debug|x64
		{DF004798-EE73-4FDD-898D-87D6280714A0}.Debug|x86.ActiveCfg = Debug|Win32
		{DF004798-EE73-4FDD-898D-87D6280714A0}.Debug|x86.Build.0 = Debug|Win32
		{DF004798-EE73-4FDD-898D-87D6280714A0}.Release|x64.ActiveCfg = Release|x64
		{DF004798-EE73-4FDD-898D-87D6280714A0}.Release|x64.Build.0 = Release|x64
		{DF004798-EE73-4FDD-898D-87D6280714A0}.Release|x86.ActiveCfg = Release|Win32
		{DF004798-EE73-4FDD-898D-87D6280714A0}.Release|x86.Build.0 = Release|Win32
		{5EE0DF58-C90D-4B81-A0BD-C21FA616EF94}.Debug|x64.ActiveCfg = Debug|x64
		{5EE0DF58-C90D-4B81-A0BD-C21FA616EF94}.Debug|x64.Build.0 = Debug|x64
		{5EE0DF58-C90D-4B81-A0BD-C21FA616EF94}.Debug|x86.ActiveCfg = Debug|Win32
		{5EE0DF58-C90D-4B81-A0BD-C21FA616EF94}.Debug|x86.Build.0 = Debug|Win32
		{5EE0DF58-C90D-4B81-A0BD-C21FA616EF94}.Release|x64.ActiveCfg = Release|x64
		{5EE0DF58-C90D-4B81-A0BD-C21FA616EF94}.Release|x64.Build.0 = Release|x64
		{5EE0DF58-C90D-4B81-A0BD-C21FA616EF94}.Release|x86.ActiveCfg = Release|Win32
		{5EE0DF58-C90D-4B81-A0BD-C21FA616EF94}.Release|x86.Build.0 = Release|Win32
		{91F47067-2BE1-4781-AB6E-74C3F2F8B798}.Debug|x64.ActiveCfg = Debug|x64
		{91F47067-2BE1-4781-AB6E-74C3F2F8B798}.Debug|x64.Build.0 = Debug|x64
		{91F47067-2BE1-4781-AB6E-74C3F2F8B798}.Debug|x86.ActiveCfg = Debug|Win32
		{91F47067-2BE1-4781-AB6E-74C3F2F8B798}.Debug|x86.Build.0 = Debug|Win32
		{91F47067-2BE1-4781-AB6E-74C3F2F8B798}.Release|x64.ActiveCfg = Release|x64
		{91F47067-2BE1-4781-AB6E-74C3F2F8B798}.Release|x64.Build.0 = Release|x64
		{91F47067-2BE1-4781-AB6E-74C3F2F8B798}.Release|x86.ActiveCfg = Release|Win32
		{91F47067-2BE1-4781-AB6E-74C3F2F8B798}.Release|x86.Build.0 = Release|Win32
		{8F016230-C34B-425D-AE0D-CEAF683BA4F7}.Debug|x64.ActiveCfg = Debug|x64
		{8F016230-C34B-425D-AE0D-CEAF683BA4F7}.Debug|x64.Build.0 = Debug|x64
		{8F016230-C34B-425D-AE0D-CEAF683BA4F7}.Debug|x86.ActiveCfg = Debug|Win32
		{8F016230-C34B-425D-AE0D-CEAF683BA4F7}.Debug|x86.Build.0 = Debug|Win32
		{8F016230-C34B-425D-AE0D-CEAF683BA4F7}.Release|x64.ActiveCfg = Release|x64
		{8F016230-C34B-425D-AE0D-CEAF683BA4F7}.Release|x64.Build.0 = Release|x64
		{8F016230-C34B-425D-AE0D-CEAF683BA4F7}.Release|x86.ActiveCfg = Release|Win32
		{8F016230-C34B-425D-AE0D-CEAF683BA4F7}.Release|x86.Build.0 = Release|Win32
		{60232DA4-BC7F-47D9-BD34-FF56C36BEE60}.Debug|x64.ActiveCfg = Debug|x64
		{60232DA4-BC7F-47D9-BD34-FF56C36BEE60}.Debug|x64.Build.0 = Debug|x64
		{60232DA4-BC7F-47D9-BD34-FF56C36BEE60}.Debug|x86.ActiveCfg = Debug|Win32
		{60232DA4-BC7F-47D9-BD34-FF56C36BEE60}.Debug|x86.Build.0 = Debug|Win32
		{60232DA4-BC7F-47D9-BD34-FF56C36BEE60}.Release|x64.ActiveCfg = Release|x64
		{60232DA4-BC7F-47D9-BD34-FF56C36BEE60}.Release|x64.Build.0 = Release|x64
		{60232DA4-BC7F-47D9-BD34-FF56C36BEE60}.Release|x86.ActiveCfg = Release|Win32
		{60232DA4-BC7F-47D9-BD34-FF56C36BEE60}.Release|x86.Build.0 = Release|Win32
		{4A1AB4E4-88F4-42E9-8405-B3896B170D01}.Debug|x64.ActiveCfg = Debug|x64
		{4A1AB4E4-88F4-42E9-8405-B3896B170D01}.Debug|x64.Build.0 = Debug|x64
		{4A1AB4E4-88F4-42E9-8405-B3896B170D01}.Debug|x86.ActiveCfg = Debug|Win32
		{4A1AB4E4-88F4-42E9-8405-B3896B170D01}.Debug|x86.Build.0 = Debug|Win32
		{4A1AB4E4-88F4-42E9-8405-B3896B170D01}.Release|x64.ActiveCfg = Release|x64
		{4A1AB4E4-88F4-42E9-8405-B3896B170D01}.Release|x64.Build.0 = Release|x64
		{4A1AB4E4-88F4-42E9-8405-B3896B170D01}.Release|x86.ActiveCfg = Release|Win32
		{4A1AB4E4-88F4-42E9-8405-B3896B170D01}.Release|x86.Build.0 = Release|Win32
		{4B440F24-2068-45A6-B9C6-96FDEDD047EE}.Debug|x64.ActiveCfg = Debug|x64
		{4B440F24-2068-45A6-B9C6-96FDEDD047EE}.Debug|x64.Build.0 = Debug|x64
		{4B440F24-2068-45A6-B9C6-96FDEDD047EE}.Debug|x86.ActiveCfg = Debug|Win32
		{4B440F24-2068-45A6-B9C6-96FDEDD047EE}.Debug|x86.Build.0 = Debug|Win32
		{4B440F24-2068-45A6-B9C6-96FDEDD047EE}.Release|x64.ActiveCfg = Release|x64
		{4B440F24-2068-45A6-B9C6-96FDEDD047EE}.Release|x64.Build.0 = Release|x64
		{4B440F24-2068-45A6-B9C6-96FDEDD047EE}.Release|x86.ActiveCfg = Release|Win32
		{4B440F24-2068-45A6-B9C6-96FDEDD047EE}.Release|x86.Build.0 = Release|Win32
	EndGlobalSection
	GlobalSection(SolutionProperties) = preSolution
		HideSolutionNode = FALSE
	EndGlobalSection
	GlobalSection(ExtensibilityGlobals) = postSolution
		SolutionGuid = {75A0B7A4-E56F-4547-B6A0-91CF177A63AA}
	EndGlobalSection
EndGlobal
